
Microsoft Visual Studio Solution File, Format Version 12.00
# Visual Studio Version 17
VisualStudioVersion = 17.14.36109.1
MinimumVisualStudioVersion = 10.0.40219.1
Project("{FAE04EC0-301F-11D3-BF4B-00C04F79EFBC}") = "Roblox.Roles", "libs\roles\src\Roblox.Roles.csproj", "{CAB838D8-CFA7-CEF3-0348-AE836669B9BB}"
EndProject
Project("{FAE04EC0-301F-11D3-BF4B-00C04F79EFBC}") = "Roblox.Roles.Service", "services\roles-service\src\Roblox.Roles.Service.csproj", "{F39C6CD4-11F3-45B9-9687-27D549ECF9FB}"
EndProject
Global
	GlobalSection(SolutionConfigurationPlatforms) = preSolution
		Debug|Any CPU = Debug|Any CPU
		Release|Any CPU = Release|Any CPU
	EndGlobalSection
	GlobalSection(ProjectConfigurationPlatforms) = postSolution
		{CAB838D8-CFA7-CEF3-0348-AE836669B9BB}.Debug|Any CPU.ActiveCfg = Debug|Any CPU
		{CAB838D8-CFA7-CEF3-0348-AE836669B9BB}.Debug|Any CPU.Build.0 = Debug|Any CPU
		{CAB838D8-CFA7-CEF3-0348-AE836669B9BB}.Release|Any CPU.ActiveCfg = Release|Any CPU
		{CAB838D8-CFA7-CEF3-0348-AE836669B9BB}.Release|Any CPU.Build.0 = Release|Any CPU
		{F39C6CD4-11F3-45B9-9687-27D549ECF9FB}.Debug|Any CPU.ActiveCfg = Debug|Any CPU
		{F39C6CD4-11F3-45B9-9687-27D549ECF9FB}.Debug|Any CPU.Build.0 = Debug|Any CPU
		{F39C6CD4-11F3-45B9-9687-27D549ECF9FB}.Release|Any CPU.ActiveCfg = Release|Any CPU
		{F39C6CD4-11F3-45B9-9687-27D549ECF9FB}.Release|Any CPU.Build.0 = Release|Any CPU
	EndGlobalSection
	GlobalSection(SolutionProperties) = preSolution
		HideSolutionNode = FALSE
	EndGlobalSection
	GlobalSection(ExtensibilityGlobals) = postSolution
		SolutionGuid = {D1D1572E-D1F9-416A-AB3B-B52FDB0A7AC4}
	EndGlobalSection
EndGlobal
